<?xml version="1.0" encoding="utf-8"?>
<Project ToolsVersion="4.0" xmlns="http://schemas.microsoft.com/developer/msbuild/2003">
  <ItemGroup>
    <Filter Include="Source Files">
      <UniqueIdentifier>{4FC737F1-C7A5-4376-A066-2A32D752A2FF}</UniqueIdentifier>
      <Extensions>cpp;c;cc;cxx;def;odl;idl;hpj;bat;asm;asmx</Extensions>
    </Filter>
    <Filter Include="Header Files">
      <UniqueIdentifier>{93995380-89BD-4b04-88EB-625FBE52EBFB}</UniqueIdentifier>
      <Extensions>h;hh;hpp;hxx;hm;inl;inc;xsd</Extensions>
    </Filter>
    <Filter Include="Resource Files">
      <UniqueIdentifier>{67DA6AB6-F800-4c08-8B7A-83BB121AAD01}</UniqueIdentifier>
      <Extensions>rc;ico;cur;bmp;dlg;rc2;rct;bin;rgs;gif;jpg;jpeg;jpe;resx;tiff;tif;png;wav;mfcribbon-ms</Extensions>
    </Filter>
    <Filter Include="Header Files\ALGLIB">
      <UniqueIdentifier>{a5e6dcf2-43b7-4d28-8ff3-4a770bc8ee78}</UniqueIdentifier>
    </Filter>
    <Filter Include="pinaParser">
      <UniqueIdentifier>{66087a2f-ed0b-435b-a34f-ec2245a4f4ac}</UniqueIdentifier>
    </Filter>
  </ItemGroup>
  <ItemGroup>
    <ClCompile Include="main.cpp">
      <Filter>Source Files</Filter>
    </ClCompile>
    <ClCompile Include="..\..\ALGLIB\src\alglibinternal.cpp">
      <Filter>Header Files\ALGLIB</Filter>
    </ClCompile>
    <ClCompile Include="..\..\ALGLIB\src\alglibmisc.cpp">
      <Filter>Header Files\ALGLIB</Filter>
    </ClCompile>
    <ClCompile Include="..\..\ALGLIB\src\ap.cpp">
      <Filter>Header Files\ALGLIB</Filter>
    </ClCompile>
    <ClCompile Include="..\..\ALGLIB\src\dataanalysis.cpp">
      <Filter>Header Files\ALGLIB</Filter>
    </ClCompile>
    <ClCompile Include="..\..\ALGLIB\src\diffequations.cpp">
      <Filter>Header Files\ALGLIB</Filter>
    </ClCompile>
    <ClCompile Include="..\..\ALGLIB\src\fasttransforms.cpp">
      <Filter>Header Files\ALGLIB</Filter>
    </ClCompile>
    <ClCompile Include="..\..\ALGLIB\src\integration.cpp">
      <Filter>Header Files\ALGLIB</Filter>
    </ClCompile>
    <ClCompile Include="..\..\ALGLIB\src\interpolation.cpp">
      <Filter>Header Files\ALGLIB</Filter>
    </ClCompile>
    <ClCompile Include="..\..\ALGLIB\src\linalg.cpp">
      <Filter>Header Files\ALGLIB</Filter>
    </ClCompile>
    <ClCompile Include="..\..\ALGLIB\src\optimization.cpp">
      <Filter>Header Files\ALGLIB</Filter>
    </ClCompile>
    <ClCompile Include="..\..\ALGLIB\src\solvers.cpp">
      <Filter>Header Files\ALGLIB</Filter>
    </ClCompile>
    <ClCompile Include="..\..\ALGLIB\src\specialfunctions.cpp">
      <Filter>Header Files\ALGLIB</Filter>
    </ClCompile>
    <ClCompile Include="..\..\ALGLIB\src\statistics.cpp">
      <Filter>Header Files\ALGLIB</Filter>
    </ClCompile>
    <ClCompile Include="ConcreteDataProcess.cpp">
      <Filter>pinaParser</Filter>
    </ClCompile>
    <ClCompile Include="Data.cpp">
      <Filter>pinaParser</Filter>
    </ClCompile>
    <ClCompile Include="Header.cpp">
      <Filter>pinaParser</Filter>
    </ClCompile>
    <ClCompile Include="PinaFile.cpp">
      <Filter>pinaParser</Filter>
    </ClCompile>
  </ItemGroup>
  <ItemGroup>
    <ClInclude Include="..\ALGLIB\src\stdafx.h">
      <Filter>Header Files</Filter>
    </ClInclude>
    <ClInclude Include="..\..\ALGLIB\src\alglibinternal.h">
      <Filter>Header Files\ALGLIB</Filter>
    </ClInclude>
    <ClInclude Include="..\..\ALGLIB\src\alglibmisc.h">
      <Filter>Header Files\ALGLIB</Filter>
    </ClInclude>
    <ClInclude Include="..\..\ALGLIB\src\ap.h">
      <Filter>Header Files\ALGLIB</Filter>
    </ClInclude>
    <ClInclude Include="..\..\ALGLIB\src\dataanalysis.h">
      <Filter>Header Files\ALGLIB</Filter>
    </ClInclude>
    <ClInclude Include="..\..\ALGLIB\src\diffequations.h">
      <Filter>Header Files\ALGLIB</Filter>
    </ClInclude>
    <ClInclude Include="..\..\ALGLIB\src\fasttransforms.h">
      <Filter>Header Files\ALGLIB</Filter>
    </ClInclude>
    <ClInclude Include="..\..\ALGLIB\src\integration.h">
      <Filter>Header Files\ALGLIB</Filter>
    </ClInclude>
    <ClInclude Include="..\..\ALGLIB\src\interpolation.h">
      <Filter>Header Files\ALGLIB</Filter>
    </ClInclude>
    <ClInclude Include="..\..\ALGLIB\src\linalg.h">
      <Filter>Header Files\ALGLIB</Filter>
    </ClInclude>
    <ClInclude Include="..\..\ALGLIB\src\optimization.h">
      <Filter>Header Files\ALGLIB</Filter>
    </ClInclude>
    <ClInclude Include="..\..\ALGLIB\src\solvers.h">
      <Filter>Header Files\ALGLIB</Filter>
    </ClInclude>
    <ClInclude Include="..\..\ALGLIB\src\specialfunctions.h">
      <Filter>Header Files\ALGLIB</Filter>
    </ClInclude>
    <ClInclude Include="..\..\ALGLIB\src\statistics.h">
      <Filter>Header Files\ALGLIB</Filter>
    </ClInclude>
    <ClInclude Include="..\..\ALGLIB\src\stdafx.h">
      <Filter>Header Files\ALGLIB</Filter>
    </ClInclude>
    <ClInclude Include="ConcreteDataProcess.h">
      <Filter>pinaParser</Filter>
    </ClInclude>
    <ClInclude Include="Data.h">
      <Filter>pinaParser</Filter>
    </ClInclude>
    <ClInclude Include="Header.h">
      <Filter>pinaParser</Filter>
    </ClInclude>
    <ClInclude Include="PinaFile.h">
      <Filter>pinaParser</Filter>
    </ClInclude>
    <ClInclude Include="resource.h">
      <Filter>Header Files</Filter>
    </ClInclude>
    <ClInclude Include="InsTkFunctions.h">
      <Filter>Header Files</Filter>
    </ClInclude>
  </ItemGroup>
  <ItemGroup>
    <ResourceCompile Include="IMUSim.rc">
      <Filter>Resource Files</Filter>
    </ResourceCompile>
  </ItemGroup>
</Project>